// !$*UTF8*$!
{
	archiveVersion = 1;
	classes = {
	};
	objectVersion = 46;
	objects = {

/* Begin PBXBuildFile section */
		176277F21BCD9D8200747057 /* main.m in Sources */ = {isa = PBXBuildFile; fileRef = 176277F11BCD9D8200747057 /* main.m */; };
		176277F51BCD9D8200747057 /* AppDelegate.m in Sources */ = {isa = PBXBuildFile; fileRef = 176277F41BCD9D8200747057 /* AppDelegate.m */; };
		176277F81BCD9D8200747057 /* ViewController.m in Sources */ = {isa = PBXBuildFile; fileRef = 176277F71BCD9D8200747057 /* ViewController.m */; };
		176277FB1BCD9D8200747057 /* Main.storyboard in Resources */ = {isa = PBXBuildFile; fileRef = 176277F91BCD9D8200747057 /* Main.storyboard */; };
		176277FD1BCD9D8200747057 /* Assets.xcassets in Resources */ = {isa = PBXBuildFile; fileRef = 176277FC1BCD9D8200747057 /* Assets.xcassets */; };
		176278001BCD9D8200747057 /* LaunchScreen.storyboard in Resources */ = {isa = PBXBuildFile; fileRef = 176277FE1BCD9D8200747057 /* LaunchScreen.storyboard */; };
		176278081BCD9DD900747057 /* MapKit.framework in Frameworks */ = {isa = PBXBuildFile; fileRef = 176278071BCD9DD900747057 /* MapKit.framework */; };
		1762780B1BCDA75A00747057 /* BusStop.m in Sources */ = {isa = PBXBuildFile; fileRef = 1762780A1BCDA75A00747057 /* BusStop.m */; settings = {ASSET_TAGS = (); }; };
		1762780E1BCDCD2200747057 /* DetailViewController.m in Sources */ = {isa = PBXBuildFile; fileRef = 1762780D1BCDCD2200747057 /* DetailViewController.m */; settings = {ASSET_TAGS = (); }; };
		1762788B1BD06C3300747057 /* BusStopsTableViewController.m in Sources */ = {isa = PBXBuildFile; fileRef = 1762788A1BD06C3300747057 /* BusStopsTableViewController.m */; settings = {ASSET_TAGS = (); }; };
/* End PBXBuildFile section */

/* Begin PBXFileReference section */
		176277ED1BCD9D8200747057 /* GetOnThatBus.app */ = {isa = PBXFileReference; explicitFileType = wrapper.application; includeInIndex = 0; path = GetOnThatBus.app; sourceTree = BUILT_PRODUCTS_DIR; };
		176277F11BCD9D8200747057 /* main.m */ = {isa = PBXFileReference; lastKnownFileType = sourcecode.c.objc; path = main.m; sourceTree = "<group>"; };
		176277F31BCD9D8200747057 /* AppDelegate.h */ = {isa = PBXFileReference; lastKnownFileType = sourcecode.c.h; path = AppDelegate.h; sourceTree = "<group>"; };
		176277F41BCD9D8200747057 /* AppDelegate.m */ = {isa = PBXFileReference; lastKnownFileType = sourcecode.c.objc; path = AppDelegate.m; sourceTree = "<group>"; };
		176277F61BCD9D8200747057 /* ViewController.h */ = {isa = PBXFileReference; lastKnownFileType = sourcecode.c.h; path = ViewController.h; sourceTree = "<group>"; };
		176277F71BCD9D8200747057 /* ViewController.m */ = {isa = PBXFileReference; lastKnownFileType = sourcecode.c.objc; path = ViewController.m; sourceTree = "<group>"; };
		176277FA1BCD9D8200747057 /* Base */ = {isa = PBXFileReference; lastKnownFileType = file.storyboard; name = Base; path = Base.lproj/Main.storyboard; sourceTree = "<group>"; };
		176277FC1BCD9D8200747057 /* Assets.xcassets */ = {isa = PBXFileReference; lastKnownFileType = folder.assetcatalog; path = Assets.xcassets; sourceTree = "<group>"; };
		176277FF1BCD9D8200747057 /* Base */ = {isa = PBXFileReference; lastKnownFileType = file.storyboard; name = Base; path = Base.lproj/LaunchScreen.storyboard; sourceTree = "<group>"; };
		176278011BCD9D8200747057 /* Info.plist */ = {isa = PBXFileReference; lastKnownFileType = text.plist.xml; path = Info.plist; sourceTree = "<group>"; };
		176278071BCD9DD900747057 /* MapKit.framework */ = {isa = PBXFileReference; lastKnownFileType = wrapper.framework; name = MapKit.framework; path = System/Library/Frameworks/MapKit.framework; sourceTree = SDKROOT; };
		176278091BCDA75A00747057 /* BusStop.h */ = {isa = PBXFileReference; fileEncoding = 4; lastKnownFileType = sourcecode.c.h; path = BusStop.h; sourceTree = "<group>"; };
		1762780A1BCDA75A00747057 /* BusStop.m */ = {isa = PBXFileReference; fileEncoding = 4; lastKnownFileType = sourcecode.c.objc; path = BusStop.m; sourceTree = "<group>"; };
		1762780C1BCDCD2200747057 /* DetailViewController.h */ = {isa = PBXFileReference; fileEncoding = 4; lastKnownFileType = sourcecode.c.h; path = DetailViewController.h; sourceTree = "<group>"; };
		1762780D1BCDCD2200747057 /* DetailViewController.m */ = {isa = PBXFileReference; fileEncoding = 4; lastKnownFileType = sourcecode.c.objc; path = DetailViewController.m; sourceTree = "<group>"; };
		176278891BD06C3300747057 /* BusStopsTableViewController.h */ = {isa = PBXFileReference; fileEncoding = 4; lastKnownFileType = sourcecode.c.h; path = BusStopsTableViewController.h; sourceTree = "<group>"; };
		1762788A1BD06C3300747057 /* BusStopsTableViewController.m */ = {isa = PBXFileReference; fileEncoding = 4; lastKnownFileType = sourcecode.c.objc; path = BusStopsTableViewController.m; sourceTree = "<group>"; };
/* End PBXFileReference section */

/* Begin PBXFrameworksBuildPhase section */
		176277EA1BCD9D8200747057 /* Frameworks */ = {
			isa = PBXFrameworksBuildPhase;
			buildActionMask = 2147483647;
			files = (
				176278081BCD9DD900747057 /* MapKit.framework in Frameworks */,
			);
			runOnlyForDeploymentPostprocessing = 0;
		};
/* End PBXFrameworksBuildPhase section */

/* Begin PBXGroup section */
		176277E41BCD9D8200747057 = {
			isa = PBXGroup;
			children = (
				176278071BCD9DD900747057 /* MapKit.framework */,
				176277EF1BCD9D8200747057 /* GetOnThatBus */,
				176277EE1BCD9D8200747057 /* Products */,
			);
			sourceTree = "<group>";
		};
		176277EE1BCD9D8200747057 /* Products */ = {
			isa = PBXGroup;
			children = (
				176277ED1BCD9D8200747057 /* GetOnThatBus.app */,
			);
			name = Products;
			sourceTree = "<group>";
		};
		176277EF1BCD9D8200747057 /* GetOnThatBus */ = {
			isa = PBXGroup;
			children = (
				176277F91BCD9D8200747057 /* Main.storyboard */,
				176277F61BCD9D8200747057 /* ViewController.h */,
				176277F71BCD9D8200747057 /* ViewController.m */,
				1762780C1BCDCD2200747057 /* DetailViewController.h */,
				1762780D1BCDCD2200747057 /* DetailViewController.m */,
				176278891BD06C3300747057 /* BusStopsTableViewController.h */,
				1762788A1BD06C3300747057 /* BusStopsTableViewController.m */,
				176278091BCDA75A00747057 /* BusStop.h */,
				1762780A1BCDA75A00747057 /* BusStop.m */,
				176277F01BCD9D8200747057 /* Supporting Files */,
			);
			path = GetOnThatBus;
			sourceTree = "<group>";
		};
		176277F01BCD9D8200747057 /* Supporting Files */ = {
			isa = PBXGroup;
			children = (
				176277F31BCD9D8200747057 /* AppDelegate.h */,
				176277F41BCD9D8200747057 /* AppDelegate.m */,
				176277FC1BCD9D8200747057 /* Assets.xcassets */,
				176277FE1BCD9D8200747057 /* LaunchScreen.storyboard */,
				176278011BCD9D8200747057 /* Info.plist */,
				176277F11BCD9D8200747057 /* main.m */,
			);
			name = "Supporting Files";
			sourceTree = "<group>";
		};
/* End PBXGroup section */

/* Begin PBXNativeTarget section */
		176277EC1BCD9D8200747057 /* GetOnThatBus */ = {
			isa = PBXNativeTarget;
			buildConfigurationList = 176278041BCD9D8200747057 /* Build configuration list for PBXNativeTarget "GetOnThatBus" */;
			buildPhases = (
				176277E91BCD9D8200747057 /* Sources */,
				176277EA1BCD9D8200747057 /* Frameworks */,
				176277EB1BCD9D8200747057 /* Resources */,
			);
			buildRules = (
			);
			dependencies = (
			);
			name = GetOnThatBus;
			productName = GetOnThatBus;
			productReference = 176277ED1BCD9D8200747057 /* GetOnThatBus.app */;
			productType = "com.apple.product-type.application";
		};
/* End PBXNativeTarget section */

/* Begin PBXProject section */
		176277E51BCD9D8200747057 /* Project object */ = {
			isa = PBXProject;
			attributes = {
				LastUpgradeCheck = 0700;
				ORGANIZATIONNAME = "Paul Kitchener";
				TargetAttributes = {
					176277EC1BCD9D8200747057 = {
						CreatedOnToolsVersion = 7.0;
						DevelopmentTeam = MT7PJU4GKL;
					};
				};
			};
			buildConfigurationList = 176277E81BCD9D8200747057 /* Build configuration list for PBXProject "GetOnThatBus" */;
			compatibilityVersion = "Xcode 3.2";
			developmentRegion = English;
			hasScannedForEncodings = 0;
			knownRegions = (
				en,
				Base,
			);
			mainGroup = 176277E41BCD9D8200747057;
			productRefGroup = 176277EE1BCD9D8200747057 /* Products */;
			projectDirPath = "";
			projectRoot = "";
			targets = (
				176277EC1BCD9D8200747057 /* GetOnThatBus */,
			);
		};
/* End PBXProject section */

/* Begin PBXResourcesBuildPhase section */
		176277EB1BCD9D8200747057 /* Resources */ = {
			isa = PBXResourcesBuildPhase;
			buildActionMask = 2147483647;
			files = (
				176278001BCD9D8200747057 /* LaunchScreen.storyboard in Resources */,
				176277FD1BCD9D8200747057 /* Assets.xcassets in Resources */,
				176277FB1BCD9D8200747057 /* Main.storyboard in Resources */,
			);
			runOnlyForDeploymentPostprocessing = 0;
		};
/* End PBXResourcesBuildPhase section */

/* Begin PBXSourcesBuildPhase section */
		176277E91BCD9D8200747057 /* Sources */ = {
			isa = PBXSourcesBuildPhase;
			buildActionMask = 2147483647;
			files = (
				1762780E1BCDCD2200747057 /* DetailViewController.m in Sources */,
				1762780B1BCDA75A00747057 /* BusStop.m in Sources */,
				176277F81BCD9D8200747057 /* ViewController.m in Sources */,
				176277F51BCD9D8200747057 /* AppDelegate.m in Sources */,
				1762788B1BD06C3300747057 /* BusStopsTableViewController.m in Sources */,
				176277F21BCD9D8200747057 /* main.m in Sources */,
			);
			runOnlyForDeploymentPostprocessing = 0;
		};
/* End PBXSourcesBuildPhase section */

/* Begin PBXVariantGroup section */
		176277F91BCD9D8200747057 /* Main.storyboard */ = {
			isa = PBXVariantGroup;
			children = (
				176277FA1BCD9D8200747057 /* Base */,
			);
			name = Main.storyboard;
			sourceTree = "<group>";
		};
		176277FE1BCD9D8200747057 /* LaunchScreen.storyboard */ = {
			isa = PBXVariantGroup;
			children = (
				176277FF1BCD9D8200747057 /* Base */,
			);
			name = LaunchScreen.storyboard;
			sourceTree = "<group>";
		};
/* End PBXVariantGroup section */

/* Begin XCBuildConfiguration section */
		176278021BCD9D8200747057 /* Debug */ = {
			isa = XCBuildConfiguration;
			buildSettings = {
				ALWAYS_SEARCH_USER_PATHS = NO;
				CLANG_CXX_LANGUAGE_STANDARD = "gnu++0x";
				CLANG_CXX_LIBRARY = "libc++";
				CLANG_ENABLE_MODULES = YES;
				CLANG_ENABLE_OBJC_ARC = YES;
				CLANG_WARN_BOOL_CONVERSION = YES;
				CLANG_WARN_CONSTANT_CONVERSION = YES;
				CLANG_WARN_DIRECT_OBJC_ISA_USAGE = YES_ERROR;
				CLANG_WARN_EMPTY_BODY = YES;
				CLANG_WARN_ENUM_CONVERSION = YES;
				CLANG_WARN_INT_CONVERSION = YES;
				CLANG_WARN_OBJC_ROOT_CLASS = YES_ERROR;
				CLANG_WARN_UNREACHABLE_CODE = YES;
				CLANG_WARN__DUPLICATE_METHOD_MATCH = YES;
				"CODE_SIGN_IDENTITY[sdk=iphoneos*]" = "iPhone Developer";
				COPY_PHASE_STRIP = NO;
				DEBUG_INFORMATION_FORMAT = dwarf;
				ENABLE_STRICT_OBJC_MSGSEND = YES;
				ENABLE_TESTABILITY = YES;
				GCC_C_LANGUAGE_STANDARD = gnu99;
				GCC_DYNAMIC_NO_PIC = NO;
				GCC_NO_COMMON_BLOCKS = YES;
				GCC_OPTIMIZATION_LEVEL = 0;
				GCC_PREPROCESSOR_DEFINITIONS = (
					"DEBUG=1",
					"$(inherited)",
				);
				GCC_WARN_64_TO_32_BIT_CONVERSION = YES;
				GCC_WARN_ABOUT_RETURN_TYPE = YES_ERROR;
				GCC_WARN_UNDECLARED_SELECTOR = YES;
				GCC_WARN_UNINITIALIZED_AUTOS = YES_AGGRESSIVE;
				GCC_WARN_UNUSED_FUNCTION = YES;
				GCC_WARN_UNUSED_VARIABLE = YES;
				IPHONEOS_DEPLOYMENT_TARGET = 9.0;
				MTL_ENABLE_DEBUG_INFO = YES;
				ONLY_ACTIVE_ARCH = YES;
				SDKROOT = iphoneos;
			};
			name = Debug;
		};
		176278031BCD9D8200747057 /* Release */ = {
			isa = XCBuildConfiguration;
			buildSettings = {
				ALWAYS_SEARCH_USER_PATHS = NO;
				CLANG_CXX_LANGUAGE_STANDARD = "gnu++0x";
				CLANG_CXX_LIBRARY = "libc++";
				CLANG_ENABLE_MODULES = YES;
				CLANG_ENABLE_OBJC_ARC = YES;
				CLANG_WARN_BOOL_CONVERSION = YES;
				CLANG_WARN_CONSTANT_CONVERSION = YES;
				CLANG_WARN_DIRECT_OBJC_ISA_USAGE = YES_ERROR;
				CLANG_WARN_EMPTY_BODY = YES;
				CLANG_WARN_ENUM_CONVERSION = YES;
				CLANG_WARN_INT_CONVERSION = YES;
				CLANG_WARN_OBJC_ROOT_CLASS = YES_ERROR;
				CLANG_WARN_UNREACHABLE_CODE = YES;
				CLANG_WARN__DUPLICATE_METHOD_MATCH = YES;
				"CODE_SIGN_IDENTITY[sdk=iphoneos*]" = "iPhone Developer";
				COPY_PHASE_STRIP = NO;
				DEBUG_INFORMATION_FORMAT = "dwarf-with-dsym";
				ENABLE_NS_ASSERTIONS = NO;
				ENABLE_STRICT_OBJC_MSGSEND = YES;
				GCC_C_LANGUAGE_STANDARD = gnu99;
				GCC_NO_COMMON_BLOCKS = YES;
				GCC_WARN_64_TO_32_BIT_CONVERSION = YES;
				GCC_WARN_ABOUT_RETURN_TYPE = YES_ERROR;
				GCC_WARN_UNDECLARED_SELECTOR = YES;
				GCC_WARN_UNINITIALIZED_AUTOS = YES_AGGRESSIVE;
				GCC_WARN_UNUSED_FUNCTION = YES;
				GCC_WARN_UNUSED_VARIABLE = YES;
				IPHONEOS_DEPLOYMENT_TARGET = 9.0;
				MTL_ENABLE_DEBUG_INFO = NO;
				SDKROOT = iphoneos;
				VALIDATE_PRODUCT = YES;
			};
			name = Release;
		};
		176278051BCD9D8200747057 /* Debug */ = {
			isa = XCBuildConfiguration;
			buildSettings = {
				ASSETCATALOG_COMPILER_APPICON_NAME = AppIcon;
				INFOPLIST_FILE = GetOnThatBus/Info.plist;
				LD_RUNPATH_SEARCH_PATHS = "$(inherited) @executable_path/Frameworks";
				PRODUCT_BUNDLE_IDENTIFIER = paulkitchener.GetOnThatBus;
				PRODUCT_NAME = "$(TARGET_NAME)";
			};
			name = Debug;
		};
		176278061BCD9D8200747057 /* Release */ = {
			isa = XCBuildConfiguration;
			buildSettings = {
				ASSETCATALOG_COMPILER_APPICON_NAME = AppIcon;
				INFOPLIST_FILE = GetOnThatBus/Info.plist;
				LD_RUNPATH_SEARCH_PATHS = "$(inherited) @executable_path/Frameworks";
				PRODUCT_BUNDLE_IDENTIFIER = paulkitchener.GetOnThatBus;
				PRODUCT_NAME = "$(TARGET_NAME)";
			};
			name = Release;
		};
/* End XCBuildConfiguration section */

/* Begin XCConfigurationList section */
		176277E81BCD9D8200747057 /* Build configuration list for PBXProject "GetOnThatBus" */ = {
			isa = XCConfigurationList;
			buildConfigurations = (
				176278021BCD9D8200747057 /* Debug */,
				176278031BCD9D8200747057 /* Release */,
			);
			defaultConfigurationIsVisible = 0;
			defaultConfigurationName = Release;
		};
		176278041BCD9D8200747057 /* Build configuration list for PBXNativeTarget "GetOnThatBus" */ = {
			isa = XCConfigurationList;
			buildConfigurations = (
				176278051BCD9D8200747057 /* Debug */,
				176278061BCD9D8200747057 /* Release */,
			);
			defaultConfigurationIsVisible = 0;
			defaultConfigurationName = Release;
		};
/* End XCConfigurationList section */
	};
	rootObject = 176277E51BCD9D8200747057 /* Project object */;
}
